{
  "pins" : [
    {
      "identity" : "duckdb-swift",
      "kind" : "remoteSourceControl",
      "location" : "https://github.com/duckdb/duckdb-swift/",
      "state" : {
        "revision" : "26bcae65719a4919b0af6837c257e8f6fd538bd6",
        "version" : "0.10.3"
      }
    }
  ],
  "version" : 2
}
